
Microsoft Visual Studio Solution File, Format Version 12.00
Project("{FAE04EC0-301F-11D3-BF4B-00C04F79EFBC}") = "AirBnbCloneAPI", "AirBnbCloneAPI\AirBnbCloneAPI.csproj", "{F5DDD7A7-E15E-4B23-A623-A219E433FEF7}"
EndProject
Global
	GlobalSection(SolutionConfigurationPlatforms) = preSolution
		Debug|Any CPU = Debug|Any CPU
		Release|Any CPU = Release|Any CPU
	EndGlobalSection
	GlobalSection(ProjectConfigurationPlatforms) = postSolution
		{F5DDD7A7-E15E-4B23-A623-A219E433FEF7}.Debug|Any CPU.ActiveCfg = Debug|Any CPU
		{F5DDD7A7-E15E-4B23-A623-A219E433FEF7}.Debug|Any CPU.Build.0 = Debug|Any CPU
		{F5DDD7A7-E15E-4B23-A623-A219E433FEF7}.Release|Any CPU.ActiveCfg = Release|Any CPU
		{F5DDD7A7-E15E-4B23-A623-A219E433FEF7}.Release|Any CPU.Build.0 = Release|Any CPU
	EndGlobalSection
EndGlobal
